
Microsoft Visual Studio Solution File, Format Version 12.00
# Visual Studio Version 17
VisualStudioVersion = 17.13.35919.96
MinimumVisualStudioVersion = 10.0.40219.1
Project("{9A19103F-16F7-4668-BE54-9A1E7A4F7556}") = "EksamenProjekt2Sem", "EksamenProjekt2Sem\EksamenProjekt2Sem.csproj", "{367CC4FD-292D-48F2-B45E-3CE53844F711}"
EndProject
Project("{FAE04EC0-301F-11D3-BF4B-00C04F79EFBC}") = "EksamenProjekt2SemTests", "EksamenProjekt2SemTests\EksamenProjekt2SemTests.csproj", "{A32F75C3-4D53-48CF-9AE7-C1F0277A11B0}"
EndProject
Global
	GlobalSection(SolutionConfigurationPlatforms) = preSolution
		Debug|Any CPU = Debug|Any CPU
		Release|Any CPU = Release|Any CPU
	EndGlobalSection
	GlobalSection(ProjectConfigurationPlatforms) = postSolution
		{367CC4FD-292D-48F2-B45E-3CE53844F711}.Debug|Any CPU.ActiveCfg = Debug|Any CPU
		{367CC4FD-292D-48F2-B45E-3CE53844F711}.Debug|Any CPU.Build.0 = Debug|Any CPU
		{367CC4FD-292D-48F2-B45E-3CE53844F711}.Release|Any CPU.ActiveCfg = Release|Any CPU
		{367CC4FD-292D-48F2-B45E-3CE53844F711}.Release|Any CPU.Build.0 = Release|Any CPU
		{A32F75C3-4D53-48CF-9AE7-C1F0277A11B0}.Debug|Any CPU.ActiveCfg = Debug|Any CPU
		{A32F75C3-4D53-48CF-9AE7-C1F0277A11B0}.Debug|Any CPU.Build.0 = Debug|Any CPU
		{A32F75C3-4D53-48CF-9AE7-C1F0277A11B0}.Release|Any CPU.ActiveCfg = Release|Any CPU
		{A32F75C3-4D53-48CF-9AE7-C1F0277A11B0}.Release|Any CPU.Build.0 = Release|Any CPU
	EndGlobalSection
	GlobalSection(SolutionProperties) = preSolution
		HideSolutionNode = FALSE
	EndGlobalSection
	GlobalSection(ExtensibilityGlobals) = postSolution
		SolutionGuid = {DCCBBB97-9F72-4534-BDFF-E1E130089EF7}
	EndGlobalSection
EndGlobal
